
Microsoft Visual Studio Solution File, Format Version 12.00
# Visual Studio Version 16
VisualStudioVersion = 16.0.33927.289
MinimumVisualStudioVersion = 10.0.40219.1
Project("{2150E333-8FDC-42A3-9474-1A3956D46DE8}") = "Task0", "Task0", "{BC034C5C-2D93-45AE-AD61-8EF9F61DDF47}"
EndProject
Project("{FAE04EC0-301F-11D3-BF4B-00C04F79EFBC}") = "Tyuiu.GorbunovAA.Sprint2.Task0.V6", "Tyuiu.GorbunovAA.Sprint2.Task0.V6\Tyuiu.GorbunovAA.Sprint2.Task0.V6.csproj", "{BAAE19CE-04BC-4881-98C4-F23A6E68E2C1}"
EndProject
Project("{FAE04EC0-301F-11D3-BF4B-00C04F79EFBC}") = "Tyuiu.GorbunovAA.Sprint2.Task0.V6.Lib", "Tyuiu.GorbunovAA.Sprint2.Task0.V6.Lib\Tyuiu.GorbunovAA.Sprint2.Task0.V6.Lib.csproj", "{54A40B19-8795-483B-BEDA-E8D15C07189E}"
EndProject
Project("{FAE04EC0-301F-11D3-BF4B-00C04F79EFBC}") = "Tyuiu.GorbunovAA.Sprint2.Task0.V6.Test", "Tyuiu.GorbunovAA.Sprint2.Task0.V6.Test\Tyuiu.GorbunovAA.Sprint2.Task0.V6.Test.csproj", "{6CF4A9A6-82DD-43E5-AD8E-1FB3304BF12E}"
EndProject
Project("{2150E333-8FDC-42A3-9474-1A3956D46DE8}") = "Task1", "Task1", "{CB1B5DBC-DA6D-45EE-A9C7-FF3DA3E7EC84}"
EndProject
Project("{FAE04EC0-301F-11D3-BF4B-00C04F79EFBC}") = "Tyuiu.GorbunovAA.Sprint2.Task1.V7", "Tyuiu.GorbunovAA.Sprint2.Task1.V7\Tyuiu.GorbunovAA.Sprint2.Task1.V7.csproj", "{9F722FCA-5CCC-4996-9F12-55056D0C865A}"
EndProject
Project("{FAE04EC0-301F-11D3-BF4B-00C04F79EFBC}") = "Tyuiu.GorbunovAA.Sprint2.Task1.V7.Lib", "Tyuiu.GorbunovAA.Sprint2.Task1.V7.Lib\Tyuiu.GorbunovAA.Sprint2.Task1.V7.Lib.csproj", "{A6AF88EA-615C-49EF-96AB-0222074D5AE7}"
EndProject
Project("{FAE04EC0-301F-11D3-BF4B-00C04F79EFBC}") = "Tyuiu.GorbunovAA.Sprint2.Task1.V7.Test", "Tyuiu.GorbunovAA.Sprint2.Task1.V7.Test\Tyuiu.GorbunovAA.Sprint2.Task1.V7.Test.csproj", "{05B6E445-2EDD-43E2-9B90-8225ECE1F3BF}"
EndProject
Project("{2150E333-8FDC-42A3-9474-1A3956D46DE8}") = "Task3", "Task3", "{20269491-4E9E-47FE-A9FC-848DEAFCD158}"
EndProject
Project("{FAE04EC0-301F-11D3-BF4B-00C04F79EFBC}") = "Tyuiu.GorbunovAA.Sprint2.Task3.V18", "Tyuiu.GorbunovAA.Sprint2.Task3.V18\Tyuiu.GorbunovAA.Sprint2.Task3.V18.csproj", "{5DD3A70A-4B27-485C-8B3E-A59E014638D3}"
EndProject
Project("{FAE04EC0-301F-11D3-BF4B-00C04F79EFBC}") = "Tyuiu.GorbunovAA.Sprint2.Task3.V18.Lib", "Tyuiu.GorbunovAA.Sprint2.Task3.V18.Lib\Tyuiu.GorbunovAA.Sprint2.Task3.V18.Lib.csproj", "{6BE4C28D-D768-4883-9DDD-9886B555DD67}"
EndProject
Project("{FAE04EC0-301F-11D3-BF4B-00C04F79EFBC}") = "Tyuiu.GorbunovAA.Sprint2.Task3.V18.Test", "Tyuiu.GorbunovAA.Sprint2.Task3.V18.Test\Tyuiu.GorbunovAA.Sprint2.Task3.V18.Test.csproj", "{9366FAE6-2FF7-4F28-99CD-6B08C9BDFF63}"
EndProject
Global
	GlobalSection(SolutionConfigurationPlatforms) = preSolution
		Debug|Any CPU = Debug|Any CPU
		Release|Any CPU = Release|Any CPU
	EndGlobalSection
	GlobalSection(ProjectConfigurationPlatforms) = postSolution
		{BAAE19CE-04BC-4881-98C4-F23A6E68E2C1}.Debug|Any CPU.ActiveCfg = Debug|Any CPU
		{BAAE19CE-04BC-4881-98C4-F23A6E68E2C1}.Debug|Any CPU.Build.0 = Debug|Any CPU
		{BAAE19CE-04BC-4881-98C4-F23A6E68E2C1}.Release|Any CPU.ActiveCfg = Release|Any CPU
		{BAAE19CE-04BC-4881-98C4-F23A6E68E2C1}.Release|Any CPU.Build.0 = Release|Any CPU
		{54A40B19-8795-483B-BEDA-E8D15C07189E}.Debug|Any CPU.ActiveCfg = Debug|Any CPU
		{54A40B19-8795-483B-BEDA-E8D15C07189E}.Debug|Any CPU.Build.0 = Debug|Any CPU
		{54A40B19-8795-483B-BEDA-E8D15C07189E}.Release|Any CPU.ActiveCfg = Release|Any CPU
		{54A40B19-8795-483B-BEDA-E8D15C07189E}.Release|Any CPU.Build.0 = Release|Any CPU
		{6CF4A9A6-82DD-43E5-AD8E-1FB3304BF12E}.Debug|Any CPU.ActiveCfg = Debug|Any CPU
		{6CF4A9A6-82DD-43E5-AD8E-1FB3304BF12E}.Debug|Any CPU.Build.0 = Debug|Any CPU
		{6CF4A9A6-82DD-43E5-AD8E-1FB3304BF12E}.Release|Any CPU.ActiveCfg = Release|Any CPU
		{6CF4A9A6-82DD-43E5-AD8E-1FB3304BF12E}.Release|Any CPU.Build.0 = Release|Any CPU
		{9F722FCA-5CCC-4996-9F12-55056D0C865A}.Debug|Any CPU.ActiveCfg = Debug|Any CPU
		{9F722FCA-5CCC-4996-9F12-55056D0C865A}.Debug|Any CPU.Build.0 = Debug|Any CPU
		{9F722FCA-5CCC-4996-9F12-55056D0C865A}.Release|Any CPU.ActiveCfg = Release|Any CPU
		{9F722FCA-5CCC-4996-9F12-55056D0C865A}.Release|Any CPU.Build.0 = Release|Any CPU
		{A6AF88EA-615C-49EF-96AB-0222074D5AE7}.Debug|Any CPU.ActiveCfg = Debug|Any CPU
		{A6AF88EA-615C-49EF-96AB-0222074D5AE7}.Debug|Any CPU.Build.0 = Debug|Any CPU
		{A6AF88EA-615C-49EF-96AB-0222074D5AE7}.Release|Any CPU.ActiveCfg = Release|Any CPU
		{A6AF88EA-615C-49EF-96AB-0222074D5AE7}.Release|Any CPU.Build.0 = Release|Any CPU
		{05B6E445-2EDD-43E2-9B90-8225ECE1F3BF}.Debug|Any CPU.ActiveCfg = Debug|Any CPU
		{05B6E445-2EDD-43E2-9B90-8225ECE1F3BF}.Debug|Any CPU.Build.0 = Debug|Any CPU
		{05B6E445-2EDD-43E2-9B90-8225ECE1F3BF}.Release|Any CPU.ActiveCfg = Release|Any CPU
		{05B6E445-2EDD-43E2-9B90-8225ECE1F3BF}.Release|Any CPU.Build.0 = Release|Any CPU
		{5DD3A70A-4B27-485C-8B3E-A59E014638D3}.Debug|Any CPU.ActiveCfg = Debug|Any CPU
		{5DD3A70A-4B27-485C-8B3E-A59E014638D3}.Debug|Any CPU.Build.0 = Debug|Any CPU
		{5DD3A70A-4B27-485C-8B3E-A59E014638D3}.Release|Any CPU.ActiveCfg = Release|Any CPU
		{5DD3A70A-4B27-485C-8B3E-A59E014638D3}.Release|Any CPU.Build.0 = Release|Any CPU
		{6BE4C28D-D768-4883-9DDD-9886B555DD67}.Debug|Any CPU.ActiveCfg = Debug|Any CPU
		{6BE4C28D-D768-4883-9DDD-9886B555DD67}.Debug|Any CPU.Build.0 = Debug|Any CPU
		{6BE4C28D-D768-4883-9DDD-9886B555DD67}.Release|Any CPU.ActiveCfg = Release|Any CPU
		{6BE4C28D-D768-4883-9DDD-9886B555DD67}.Release|Any CPU.Build.0 = Release|Any CPU
		{9366FAE6-2FF7-4F28-99CD-6B08C9BDFF63}.Debug|Any CPU.ActiveCfg = Debug|Any CPU
		{9366FAE6-2FF7-4F28-99CD-6B08C9BDFF63}.Debug|Any CPU.Build.0 = Debug|Any CPU
		{9366FAE6-2FF7-4F28-99CD-6B08C9BDFF63}.Release|Any CPU.ActiveCfg = Release|Any CPU
		{9366FAE6-2FF7-4F28-99CD-6B08C9BDFF63}.Release|Any CPU.Build.0 = Release|Any CPU
	EndGlobalSection
	GlobalSection(SolutionProperties) = preSolution
		HideSolutionNode = FALSE
	EndGlobalSection
	GlobalSection(NestedProjects) = preSolution
		{BAAE19CE-04BC-4881-98C4-F23A6E68E2C1} = {BC034C5C-2D93-45AE-AD61-8EF9F61DDF47}
		{54A40B19-8795-483B-BEDA-E8D15C07189E} = {BC034C5C-2D93-45AE-AD61-8EF9F61DDF47}
		{6CF4A9A6-82DD-43E5-AD8E-1FB3304BF12E} = {BC034C5C-2D93-45AE-AD61-8EF9F61DDF47}
		{9F722FCA-5CCC-4996-9F12-55056D0C865A} = {CB1B5DBC-DA6D-45EE-A9C7-FF3DA3E7EC84}
		{A6AF88EA-615C-49EF-96AB-0222074D5AE7} = {CB1B5DBC-DA6D-45EE-A9C7-FF3DA3E7EC84}
		{05B6E445-2EDD-43E2-9B90-8225ECE1F3BF} = {CB1B5DBC-DA6D-45EE-A9C7-FF3DA3E7EC84}
		{5DD3A70A-4B27-485C-8B3E-A59E014638D3} = {20269491-4E9E-47FE-A9FC-848DEAFCD158}
		{6BE4C28D-D768-4883-9DDD-9886B555DD67} = {20269491-4E9E-47FE-A9FC-848DEAFCD158}
		{9366FAE6-2FF7-4F28-99CD-6B08C9BDFF63} = {20269491-4E9E-47FE-A9FC-848DEAFCD158}
	EndGlobalSection
	GlobalSection(ExtensibilityGlobals) = postSolution
		SolutionGuid = {8BD8D32A-356B-4FD5-A83A-6E41B08C77F1}
	EndGlobalSection
EndGlobal
